PODS:
  - Flutter (1.0.0)
  - flutter_pay (0.0.1):
    - Flutter

DEPENDENCIES:
  - Flutter (from `Flutter`)
  - flutter_pay (from `.symlinks/plugins/flutter_pay/ios`)

EXTERNAL SOURCES:
  Flutter:
    :path: Flutter
  flutter_pay:
    :path: ".symlinks/plugins/flutter_pay/ios"

SPEC CHECKSUMS:
  Flutter: 434fef37c0980e73bb6479ef766c45957d4b510c
  flutter_pay: 1553710052143ed9dde8ae4c8ecd3200491ff464

PODFILE CHECKSUM: 7adbc9d59f05e1b01f554ea99b6c79e97f2214a2

COCOAPODS: 1.10.1
